
Microsoft Visual Studio Solution File, Format Version 12.00
# Visual Studio Version 17
VisualStudioVersion = 17.5.33530.505
MinimumVisualStudioVersion = 10.0.40219.1
Project("{9A19103F-16F7-4668-BE54-9A1E7A4F7556}") = "my-new-app", "my-new-app.csproj", "{F032D83B-851C-49F4-987C-D1BB9D826827}"
EndProject
Global
	GlobalSection(SolutionConfigurationPlatforms) = preSolution
		Debug|Any CPU = Debug|Any CPU
		Release|Any CPU = Release|Any CPU
	EndGlobalSection
	GlobalSection(ProjectConfigurationPlatforms) = postSolution
		{F032D83B-851C-49F4-987C-D1BB9D826827}.Debug|Any CPU.ActiveCfg = Debug|Any CPU
		{F032D83B-851C-49F4-987C-D1BB9D826827}.Debug|Any CPU.Build.0 = Debug|Any CPU
		{F032D83B-851C-49F4-987C-D1BB9D826827}.Release|Any CPU.ActiveCfg = Release|Any CPU
		{F032D83B-851C-49F4-987C-D1BB9D826827}.Release|Any CPU.Build.0 = Release|Any CPU
	EndGlobalSection
	GlobalSection(SolutionProperties) = preSolution
		HideSolutionNode = FALSE
	EndGlobalSection
	GlobalSection(ExtensibilityGlobals) = postSolution
		SolutionGuid = {6B1C0FC7-A101-496F-A5EB-E55F7C742865}
	EndGlobalSection
EndGlobal
